
Microsoft Visual Studio Solution File, Format Version 12.00
# Visual Studio Version 17
VisualStudioVersion = 17.11.35327.3
MinimumVisualStudioVersion = 10.0.40219.1
Project("{FAE04EC0-301F-11D3-BF4B-00C04F79EFBC}") = "TodoList", "TodoList\TodoList.csproj", "{6DE5A9C2-2247-486D-B50C-A84332208B23}"
EndProject
Global
	GlobalSection(SolutionConfigurationPlatforms) = preSolution
		Debug|Any CPU = Debug|Any CPU
		Release|Any CPU = Release|Any CPU
	EndGlobalSection
	GlobalSection(ProjectConfigurationPlatforms) = postSolution
		{6DE5A9C2-2247-486D-B50C-A84332208B23}.Debug|Any CPU.ActiveCfg = Debug|Any CPU
		{6DE5A9C2-2247-486D-B50C-A84332208B23}.Debug|Any CPU.Build.0 = Debug|Any CPU
		{6DE5A9C2-2247-486D-B50C-A84332208B23}.Release|Any CPU.ActiveCfg = Release|Any CPU
		{6DE5A9C2-2247-486D-B50C-A84332208B23}.Release|Any CPU.Build.0 = Release|Any CPU
	EndGlobalSection
	GlobalSection(SolutionProperties) = preSolution
		HideSolutionNode = FALSE
	EndGlobalSection
	GlobalSection(ExtensibilityGlobals) = postSolution
		SolutionGuid = {BD3AD593-EB82-4DAD-8869-E443D5FC5312}
	EndGlobalSection
EndGlobal
